
Microsoft Visual Studio Solution File, Format Version 12.00
# Visual Studio 15
VisualStudioVersion = 15.0.28307.1321
MinimumVisualStudioVersion = 10.0.40219.1
Project("{FAE04EC0-301F-11D3-BF4B-00C04F79EFBC}") = "TestHouses", "TestHouses\TestHouses.csproj", "{16A53F32-8E52-48D9-A5C5-EA1DAC097D8E}"
EndProject
Global
	GlobalSection(SolutionConfigurationPlatforms) = preSolution
		Debug|Any CPU = Debug|Any CPU
		Release|Any CPU = Release|Any CPU
	EndGlobalSection
	GlobalSection(ProjectConfigurationPlatforms) = postSolution
		{16A53F32-8E52-48D9-A5C5-EA1DAC097D8E}.Debug|Any CPU.ActiveCfg = Debug|Any CPU
		{16A53F32-8E52-48D9-A5C5-EA1DAC097D8E}.Debug|Any CPU.Build.0 = Debug|Any CPU
		{16A53F32-8E52-48D9-A5C5-EA1DAC097D8E}.Release|Any CPU.ActiveCfg = Release|Any CPU
		{16A53F32-8E52-48D9-A5C5-EA1DAC097D8E}.Release|Any CPU.Build.0 = Release|Any CPU
	EndGlobalSection
	GlobalSection(SolutionProperties) = preSolution
		HideSolutionNode = FALSE
	EndGlobalSection
	GlobalSection(ExtensibilityGlobals) = postSolution
		SolutionGuid = {140F2AC6-0410-4CE0-BCAE-9BC7D3E2CEA5}
	EndGlobalSection
EndGlobal
